# This file is autogenerated, do not edit; changes may be undone by the next 'dep ensure'.


[[projects]]
  branch = "master"
  name = "github.com/czerwonk/ovirt_api"
  packages = ["."]
  revision = "14083a165e717cc89e86cadae900504a8ab01d31"

[solve-meta]
  analyzer-name = "dep"
  analyzer-version = 1
  inputs-digest = "344729e2f430be0b6fc87ff81e95e8de6d3988fe7267c442ff196e1efb6dd564"
  solver-name = "gps-cdcl"
  solver-version = 1
